
Microsoft Visual Studio Solution File, Format Version 12.00
# Visual Studio Version 16
VisualStudioVersion = 16.0.29102.190
MinimumVisualStudioVersion = 10.0.40219.1
Project("{FAE04EC0-301F-11D3-BF4B-00C04F79EFBC}") = "DataLevel", "DataLevel\DataLevel.csproj", "{4EABB545-39A4-4509-8FA3-9D6C8CD0DB75}"
EndProject
Project("{FAE04EC0-301F-11D3-BF4B-00C04F79EFBC}") = "App", "App\App.csproj", "{96186E60-6682-48E2-87E0-6F10DB372F8D}"
EndProject
Project("{FAE04EC0-301F-11D3-BF4B-00C04F79EFBC}") = "BusinessLevel", "BusinessLevel\BusinessLevel.csproj", "{E9A6F466-3ACF-4976-A0F8-E5255D6334FA}"
EndProject
Global
	GlobalSection(SolutionConfigurationPlatforms) = preSolution
		Debug|Any CPU = Debug|Any CPU
		Release|Any CPU = Release|Any CPU
	EndGlobalSection
	GlobalSection(ProjectConfigurationPlatforms) = postSolution
		{4EABB545-39A4-4509-8FA3-9D6C8CD0DB75}.Debug|Any CPU.ActiveCfg = Debug|Any CPU
		{4EABB545-39A4-4509-8FA3-9D6C8CD0DB75}.Debug|Any CPU.Build.0 = Debug|Any CPU
		{4EABB545-39A4-4509-8FA3-9D6C8CD0DB75}.Release|Any CPU.ActiveCfg = Release|Any CPU
		{4EABB545-39A4-4509-8FA3-9D6C8CD0DB75}.Release|Any CPU.Build.0 = Release|Any CPU
		{96186E60-6682-48E2-87E0-6F10DB372F8D}.Debug|Any CPU.ActiveCfg = Debug|Any CPU
		{96186E60-6682-48E2-87E0-6F10DB372F8D}.Debug|Any CPU.Build.0 = Debug|Any CPU
		{96186E60-6682-48E2-87E0-6F10DB372F8D}.Release|Any CPU.ActiveCfg = Release|Any CPU
		{96186E60-6682-48E2-87E0-6F10DB372F8D}.Release|Any CPU.Build.0 = Release|Any CPU
		{E9A6F466-3ACF-4976-A0F8-E5255D6334FA}.Debug|Any CPU.ActiveCfg = Debug|Any CPU
		{E9A6F466-3ACF-4976-A0F8-E5255D6334FA}.Debug|Any CPU.Build.0 = Debug|Any CPU
		{E9A6F466-3ACF-4976-A0F8-E5255D6334FA}.Release|Any CPU.ActiveCfg = Release|Any CPU
		{E9A6F466-3ACF-4976-A0F8-E5255D6334FA}.Release|Any CPU.Build.0 = Release|Any CPU
	EndGlobalSection
	GlobalSection(SolutionProperties) = preSolution
		HideSolutionNode = FALSE
	EndGlobalSection
	GlobalSection(ExtensibilityGlobals) = postSolution
		SolutionGuid = {C0D01B81-0D7F-40F5-AC04-6744CA2DB6A0}
	EndGlobalSection
EndGlobal
